
Microsoft Visual Studio Solution File, Format Version 12.00
# Visual Studio Version 16
VisualStudioVersion = 16.0.31702.278
MinimumVisualStudioVersion = 10.0.40219.1
Project("{FAE04EC0-301F-11D3-BF4B-00C04F79EFBC}") = "EmployeesManagement.APIs", "EmployeesManagement.APIs\EmployeesManagement.APIs.csproj", "{C212ED1E-663C-4359-ABB3-4EB307E4D806}"
EndProject
Project("{FAE04EC0-301F-11D3-BF4B-00C04F79EFBC}") = "EmployeesManagement.Repository", "EmployeesManagement.Repository\EmployeesManagement.Repository.csproj", "{46E5C27C-0AE6-4279-A22E-C63E4D292193}"
EndProject
Project("{FAE04EC0-301F-11D3-BF4B-00C04F79EFBC}") = "EmployeesManagement.UseCase", "EmployeesManagement.UseCase\EmployeesManagement.UseCase.csproj", "{63A45F72-3E55-4152-8B51-1DE623A561F6}"
EndProject
Project("{FAE04EC0-301F-11D3-BF4B-00C04F79EFBC}") = "EmployeesManagement.Core", "EmployeesManagement.Core\EmployeesManagement.Core.csproj", "{36097A82-24F5-4154-8BB4-B4695F8E6908}"
EndProject
Global
	GlobalSection(SolutionConfigurationPlatforms) = preSolution
		Debug|Any CPU = Debug|Any CPU
		Release|Any CPU = Release|Any CPU
	EndGlobalSection
	GlobalSection(ProjectConfigurationPlatforms) = postSolution
		{C212ED1E-663C-4359-ABB3-4EB307E4D806}.Debug|Any CPU.ActiveCfg = Debug|Any CPU
		{C212ED1E-663C-4359-ABB3-4EB307E4D806}.Debug|Any CPU.Build.0 = Debug|Any CPU
		{C212ED1E-663C-4359-ABB3-4EB307E4D806}.Release|Any CPU.ActiveCfg = Release|Any CPU
		{C212ED1E-663C-4359-ABB3-4EB307E4D806}.Release|Any CPU.Build.0 = Release|Any CPU
		{46E5C27C-0AE6-4279-A22E-C63E4D292193}.Debug|Any CPU.ActiveCfg = Debug|Any CPU
		{46E5C27C-0AE6-4279-A22E-C63E4D292193}.Debug|Any CPU.Build.0 = Debug|Any CPU
		{46E5C27C-0AE6-4279-A22E-C63E4D292193}.Release|Any CPU.ActiveCfg = Release|Any CPU
		{46E5C27C-0AE6-4279-A22E-C63E4D292193}.Release|Any CPU.Build.0 = Release|Any CPU
		{63A45F72-3E55-4152-8B51-1DE623A561F6}.Debug|Any CPU.ActiveCfg = Debug|Any CPU
		{63A45F72-3E55-4152-8B51-1DE623A561F6}.Debug|Any CPU.Build.0 = Debug|Any CPU
		{63A45F72-3E55-4152-8B51-1DE623A561F6}.Release|Any CPU.ActiveCfg = Release|Any CPU
		{63A45F72-3E55-4152-8B51-1DE623A561F6}.Release|Any CPU.Build.0 = Release|Any CPU
		{36097A82-24F5-4154-8BB4-B4695F8E6908}.Debug|Any CPU.ActiveCfg = Debug|Any CPU
		{36097A82-24F5-4154-8BB4-B4695F8E6908}.Debug|Any CPU.Build.0 = Debug|Any CPU
		{36097A82-24F5-4154-8BB4-B4695F8E6908}.Release|Any CPU.ActiveCfg = Release|Any CPU
		{36097A82-24F5-4154-8BB4-B4695F8E6908}.Release|Any CPU.Build.0 = Release|Any CPU
	EndGlobalSection
	GlobalSection(SolutionProperties) = preSolution
		HideSolutionNode = FALSE
	EndGlobalSection
	GlobalSection(ExtensibilityGlobals) = postSolution
		SolutionGuid = {92D367C0-3BFE-4987-ABBA-C7ED0E9380DA}
	EndGlobalSection
EndGlobal
